github.com/Microsoft/go-winio v0.6.2 h1:F2VQgta7ecxGYO8k3ZZz3RS8fVIXVxONVUPlNERoyfY=
github.com/Microsoft/go-winio v0.6.2/go.mod h1:yd8OoFMLzJbo9gZq8j5qaps8bJ9aShtEA8Ipt1oGCvU=
github.com/apache/thrift v0.20.0 h1:631+KvYbsBZxmuJjYwhezVsrfc/TbqtZV4QcxOX1fOI=
github.com/apache/thrift v0.20.0/go.mod h1:hOk1BQqcp2OLzGsyVXdfMk7YFlMxK3aoEVhjD06QhB8=
github.com/davecgh/go-spew v1.1.1 h1:vj9j/u1bqnvCEfJOwUhtlOARqs3+rkHYY13jYWTU97c=
github.com/davecgh/go-spew v1.1.1/go.mod h1:J7Y8YcW2NihsgmVo/mv3lAwl/skON4iLHjSsI+c5H38=
github.com/go-logr/logr v1.2.2/go.mod h1:jdQByPbusPIv2/zmleS9BjJVeZ6kBagPoEUsqbVz/1A=
github.com/go-logr/logr v1.4.1 h1:pKouT5E8xu9zeFC39JXRDukb6JFQPXM5p5I91188VAQ=
github.com/go-logr/logr v1.4.1/go.mod h1:9T104GzyrTigFIr8wt5mBrctHMim0Nb2HLGrmQ40KvY=
github.com/go-logr/stdr v1.2.2 h1:hSWxHoqTgW2S2qGc0LTAI563KZ5YKYRhT3MFKZMbjag=
github.com/go-logr/stdr v1.2.2/go.mod h1:mMo/vtBO5dYbehREoey6XUKy/eSumjCCveDpRre4VKE=
github.com/google/go-cmp v0.5.9 h1:O2Tfq5qg4qc4AmwVlvv0oLiVAGB7enBSJ2x2DqQFi38=
github.com/google/go-cmp v0.5.9/go.mod h1:17dUlkBOakJ0+DkrSSNjCkIjxS6bF9zb3elmeNGIjoY=
github.com/groob/plist v0.0.0-20220217120414-63fa881b19a5 h1:saaSiB25B1wgaxrshQhurfPKUGJ4It3OxNJUy0rdOjU=
github.com/groob/plist v0.0.0-20220217120414-63fa881b19a5/go.mod h1:itkABA+w2cw7x5nYUS/pLRef6ludkZKOigbROmCTaFw=
github.com/macadmins/osquery-extension v1.2.3 h1:PAAQVRBnpOwnzEUROiJbrjDf9RPwcAfJrNAkXUcjS3Y=
github.com/macadmins/osquery-extension v1.2.3/go.mod h1:cNd/9INYpAYJFjfmAEJKgiuHgDkGuFMPu6GVrn7oups=
github.com/micromdm/plist v0.2.1 h1:4SoSMOVAyzv1ThT8IKLgXLJEKezLkcVDN6wivqTTFdo=
github.com/micromdm/plist v0.2.1/go.mod h1:flkfm0od6GzyXBqI28h5sgEyi3iPO28W2t1Zm9LpwWs=
github.com/osquery/osquery-go v0.0.0-20250131154556-629f995b6947 h1:EDgVELFaHiQXln+fZs9Ib9aXJwBEfa2qBZMVpSUYbYM=
github.com/osquery/osquery-go v0.0.0-20250131154556-629f995b6947/go.mod h1:4cBOmXSmmDULG4bTOq0EFvIy5NUMNJMKbLDBMg6lhJE=
github.com/pkg/errors v0.9.1 h1:FEBLx1zS214owpjy7qsBeixbURkuhQAwrK5UwLGTwt4=
github.com/pkg/errors v0.9.1/go.mod h1:bwawxfHBFNV+L2hUp1rHADufV3IMtnDRdf1r5NINEl0=
github.com/pmezard/go-difflib v1.0.0 h1:4DBwDE0NGyQoBHbLQYPwSUPoCMWR5BEzIk/f1lZbAQM=
github.com/pmezard/go-difflib v1.0.0/go.mod h1:iKH77koFhYxTK1pcRnkKkqfTogsbg7gZNVY4sRDYZ/4=
github.com/stretchr/testify v1.9.0 h1:HtqpIVDClZ4nwg75+f6Lvsy/wHu+3BoSGCbBAcpTsTg=
github.com/stretchr/testify v1.9.0/go.mod h1:r2ic/lqez/lEtzL7wO/rwa5dbSLXVDPFyf8C91i36aY=
go.opentelemetry.io/otel v1.16.0 h1:Z7GVAX/UkAXPKsy94IU+i6thsQS4nb7LviLpnaNeW8s=
go.opentelemetry.io/otel v1.16.0/go.mod h1:vl0h9NUa1D5s1nv3A5vZOYWn8av4K8Ml6JDeHrT/bx4=
go.opentelemetry.io/otel/metric v1.16.0 h1:RbrpwVG1Hfv85LgnZ7+txXioPDoh6EdbZHo26Q3hqOo=
go.opentelemetry.io/otel/metric v1.16.0/go.mod h1:QE47cpOmkwipPiefDwo2wDzwJrlfxxNYodqc4xnGCo4=
go.opentelemetry.io/otel/trace v1.16.0 h1:8JRpaObFoW0pxuVPapkgH8UhHQj+bJW8jJsCZEu5MQs=
go.opentelemetry.io/otel/trace v1.16.0/go.mod h1:Yt9vYq1SdNz3xdjZZK7wcXv1qv2pwLkqr2QVwea0ef0=
golang.org/x/sys v0.25.0 h1:r+8e+loiHxRqhXVl6ML1nO3l1+oFoWbnlu2Ehimmi34=
golang.org/x/sys v0.25.0/go.mod h1:/VUhepiaJMQUp4+oa/7Zr1D23ma6VTLIYjOOTFZPUcA=
gopkg.in/yaml.v3 v3.0.1 h1:fxVm/GzAzEWqLHuvctI91KS9hhNmmWOoWu0XTYJS7CA=
gopkg.in/yaml.v3 v3.0.1/go.mod h1:K4uyk7z7BCEPqu6E+C64Yfv1cQ7kz7rIZviUmN+EgEM=
